
Microsoft Visual Studio Solution File, Format Version 12.00
# Visual Studio Version 16
VisualStudioVersion = 16.0.31624.102
MinimumVisualStudioVersion = 10.0.40219.1
Project("{FAE04EC0-301F-11D3-BF4B-00C04F79EFBC}") = "StudentDetail", "StudentDetail\StudentDetail.csproj", "{D046D8C7-0824-43E9-AA13-B5BFA11A08BE}"
EndProject
Global
	GlobalSection(SolutionConfigurationPlatforms) = preSolution
		Debug|Any CPU = Debug|Any CPU
		Release|Any CPU = Release|Any CPU
	EndGlobalSection
	GlobalSection(ProjectConfigurationPlatforms) = postSolution
		{D046D8C7-0824-43E9-AA13-B5BFA11A08BE}.Debug|Any CPU.ActiveCfg = Debug|Any CPU
		{D046D8C7-0824-43E9-AA13-B5BFA11A08BE}.Debug|Any CPU.Build.0 = Debug|Any CPU
		{D046D8C7-0824-43E9-AA13-B5BFA11A08BE}.Release|Any CPU.ActiveCfg = Release|Any CPU
		{D046D8C7-0824-43E9-AA13-B5BFA11A08BE}.Release|Any CPU.Build.0 = Release|Any CPU
	EndGlobalSection
	GlobalSection(SolutionProperties) = preSolution
		HideSolutionNode = FALSE
	EndGlobalSection
	GlobalSection(ExtensibilityGlobals) = postSolution
		SolutionGuid = {A3CF038F-19A9-4420-8057-B13EC531126F}
	EndGlobalSection
EndGlobal
